{
    "name": "my-dummy-npm-and-deno-module",
    "version": "0.2.0",
    "lockfileVersion": 1,
    "requires": true,
    "dependencies": {
        "@types/js-yaml": {
            "version": "3.12.4",
            "resolved": "https://registry.npmjs.org/@types/js-yaml/-/js-yaml-3.12.4.tgz",
            "integrity": "sha512-fYMgzN+9e28R81weVN49inn/u798ruU91En1ZnGvSZzCRc5jXx9B2EDhlRaWmcO1RIxFHL8AajRXzxDuJu93+A==",
            "dev": true
        },
        "@types/node": {
            "version": "10.17.23",
            "resolved": "https://registry.npmjs.org/@types/node/-/node-10.17.23.tgz",
            "integrity": "sha512-xu6essA5zZW12NdcC4be7MgdqYoohEAOSNrFgFzmUy0Js3YjJuD0ZksgCKaJZ5pinDTjujczswRnt5yQ43j3JQ==",
            "dev": true
        },
        "argparse": {
            "version": "1.0.10",
            "resolved": "https://registry.npmjs.org/argparse/-/argparse-1.0.10.tgz",
            "integrity": "sha512-o5Roy6tNG4SL/FOkCAN6RzjiakZS25RLYFrcMttJqbdd8BWrnA+fGz57iN5Pb06pvBGvl5gQ0B48dJlslXvoTg==",
            "requires": {
                "sprintf-js": "~1.0.2"
            }
        },
        "colors": {
            "version": "1.4.0",
            "resolved": "https://registry.npmjs.org/colors/-/colors-1.4.0.tgz",
            "integrity": "sha512-a+UqTh4kgZg/SlGvfbzDHpgRu7AAQOmmqRHJnxhRZICKFUT91brVhNNt58CMWU9PsBbv3PDCZUHbVxuDiH2mtA==",
            "dev": true
        },
        "denoify": {
            "version": "file:../denoify",
            "dev": true,
            "requires": {
                "@types/comment-json": "^1.1.1",
                "commander": "^4.1.1",
                "comment-json": "^3.0.2",
                "evt": "1.6.8",
                "gitignore-parser": "0.0.2",
                "glob": "^7.1.6",
                "node-fetch": "^2.6.0",
                "path-depth": "^1.0.0",
                "scripting-tools": "0.19.12",
                "url-join": "^4.0.1"
            },
            "dependencies": {
                "@types/comment-json": {
                    "version": "1.1.1",
                    "bundled": true,
                    "dev": true
                },
                "@types/events": {
                    "version": "3.0.0",
                    "bundled": true
                },
                "@types/glob": {
                    "version": "7.1.1",
                    "bundled": true,
                    "requires": {
                        "@types/events": "*",
                        "@types/minimatch": "*",
                        "@types/node": "*"
                    }
                },
                "@types/js-yaml": {
                    "version": "3.12.4",
                    "bundled": true
                },
                "@types/minimatch": {
                    "version": "3.0.3",
                    "bundled": true
                },
                "@types/node": {
                    "version": "10.17.21",
                    "bundled": true
                },
                "@types/node-fetch": {
                    "version": "2.5.7",
                    "bundled": true,
                    "requires": {
                        "@types/node": "*",
                        "form-data": "^3.0.0"
                    }
                },
                "@types/url-join": {
                    "version": "4.0.0",
                    "bundled": true
                },
                "argparse": {
                    "version": "1.0.10",
                    "bundled": true,
                    "requires": {
                        "sprintf-js": "~1.0.2"
                    }
                },
                "asynckit": {
                    "version": "0.4.0",
                    "bundled": true
                },
                "balanced-match": {
                    "version": "1.0.0",
                    "bundled": true,
                    "dev": true
                },
                "brace-expansion": {
                    "version": "1.1.11",
                    "bundled": true,
                    "dev": true,
                    "requires": {
                        "balanced-match": "^1.0.0",
                        "concat-map": "0.0.1"
                    }
                },
                "combined-stream": {
                    "version": "1.0.8",
                    "bundled": true,
                    "requires": {
                        "delayed-stream": "~1.0.0"
                    }
                },
                "commander": {
                    "version": "4.1.1",
                    "bundled": true,
                    "dev": true
                },
                "comment-json": {
                    "version": "3.0.2",
                    "bundled": true,
                    "dev": true,
                    "requires": {
                        "core-util-is": "^1.0.2",
                        "esprima": "^4.0.1",
                        "has-own-prop": "^2.0.0",
                        "repeat-string": "^1.6.1"
                    }
                },
                "concat-map": {
                    "version": "0.0.1",
                    "bundled": true,
                    "dev": true
                },
                "core-util-is": {
                    "version": "1.0.2",
                    "bundled": true,
                    "dev": true
                },
                "delayed-stream": {
                    "version": "1.0.0",
                    "bundled": true
                },
                "esprima": {
                    "version": "4.0.1",
                    "bundled": true
                },
                "evt": {
                    "version": "1.6.8",
                    "bundled": true,
                    "dev": true,
                    "requires": {
                        "minimal-polyfills": "^1.0.8",
                        "run-exclusive": "^2.1.12"
                    }
                },
                "form-data": {
                    "version": "3.0.0",
                    "bundled": true,
                    "requires": {
                        "asynckit": "^0.4.0",
                        "combined-stream": "^1.0.8",
                        "mime-types": "^2.1.12"
                    }
                },
                "fs.realpath": {
                    "version": "1.0.0",
                    "bundled": true,
                    "dev": true
                },
                "gitignore-parser": {
                    "version": "0.0.2",
                    "bundled": true,
                    "dev": true
                },
                "glob": {
                    "version": "7.1.6",
                    "bundled": true,
                    "dev": true,
                    "requires": {
                        "fs.realpath": "^1.0.0",
                        "inflight": "^1.0.4",
                        "inherits": "2",
                        "minimatch": "^3.0.4",
                        "once": "^1.3.0",
                        "path-is-absolute": "^1.0.0"
                    }
                },
                "has-own-prop": {
                    "version": "2.0.0",
                    "bundled": true,
                    "dev": true
                },
                "inflight": {
                    "version": "1.0.6",
                    "bundled": true,
                    "dev": true,
                    "requires": {
                        "once": "^1.3.0",
                        "wrappy": "1"
                    }
                },
                "inherits": {
                    "version": "2.0.4",
                    "bundled": true,
                    "dev": true
                },
                "js-yaml": {
                    "version": "3.13.1",
                    "bundled": true,
                    "requires": {
                        "argparse": "^1.0.7",
                        "esprima": "^4.0.0"
                    }
                },
                "mime-db": {
                    "version": "1.44.0",
                    "bundled": true
                },
                "mime-types": {
                    "version": "2.1.27",
                    "bundled": true,
                    "requires": {
                        "mime-db": "1.44.0"
                    }
                },
                "minimal-polyfills": {
                    "version": "1.0.8",
                    "bundled": true,
                    "dev": true
                },
                "minimatch": {
                    "version": "3.0.4",
                    "bundled": true,
                    "dev": true,
                    "requires": {
                        "brace-expansion": "^1.1.7"
                    }
                },
                "node-fetch": {
                    "version": "2.6.0",
                    "bundled": true,
                    "dev": true
                },
                "once": {
                    "version": "1.4.0",
                    "bundled": true,
                    "dev": true,
                    "requires": {
                        "wrappy": "1"
                    }
                },
                "path-depth": {
                    "version": "1.0.0",
                    "bundled": true,
                    "dev": true
                },
                "path-is-absolute": {
                    "version": "1.0.1",
                    "bundled": true,
                    "dev": true
                },
                "repeat-string": {
                    "version": "1.6.1",
                    "bundled": true,
                    "dev": true
                },
                "run-exclusive": {
                    "version": "2.1.12",
                    "bundled": true,
                    "dev": true,
                    "requires": {
                        "minimal-polyfills": "^1.0.3"
                    }
                },
                "scripting-tools": {
                    "version": "0.19.12",
                    "bundled": true,
                    "dev": true
                },
                "sprintf-js": {
                    "version": "1.0.3",
                    "bundled": true
                },
                "typescript": {
                    "version": "3.9.2",
                    "bundled": true
                },
                "url-join": {
                    "version": "4.0.1",
                    "bundled": true,
                    "dev": true
                },
                "wrappy": {
                    "version": "1.0.2",
                    "bundled": true,
                    "dev": true
                }
            }
        },
        "esprima": {
            "version": "4.0.1",
            "resolved": "https://registry.npmjs.org/esprima/-/esprima-4.0.1.tgz",
            "integrity": "sha512-eGuFFw7Upda+g4p+QHvnW0RyTX/SVeJBDM/gCtMARO0cLuT2HcEKnTPvhjV6aGeqrCB/sbNop0Kszm0jsaWU4A=="
        },
        "js-yaml": {
            "version": "3.13.1",
            "resolved": "https://registry.npmjs.org/js-yaml/-/js-yaml-3.13.1.tgz",
            "integrity": "sha512-YfbcO7jXDdyj0DGxYVSlSeQNHbD7XPWvrVWeVUujrQEoZzWJIRrCPoyk6kL6IAjAG2IolMK4T0hNUe0HOUs5Jw==",
            "requires": {
                "argparse": "^1.0.7",
                "esprima": "^4.0.0"
            }
        },
        "minimal-polyfills": {
            "version": "1.0.8",
            "resolved": "https://registry.npmjs.org/minimal-polyfills/-/minimal-polyfills-1.0.8.tgz",
            "integrity": "sha512-UMxkuvOc+d+ipPXCJnKb6dsBwkNccXPNHn77GAvUTVIpXklqWT2uu1flluct2jYVx6v0at2NbggnKar0V7WMng=="
        },
        "run-exclusive": {
            "version": "2.1.12",
            "resolved": "https://registry.npmjs.org/run-exclusive/-/run-exclusive-2.1.12.tgz",
            "integrity": "sha512-0WdKonJeW4jGTG4D/1bHLwj2KWZMI0nPnY4moWH0LDQC6on3QvG7f5d3Jkb0tZRh7dHelhBSgirwpthH9JMBBA==",
            "requires": {
                "minimal-polyfills": "^1.0.3"
            }
        },
        "sprintf-js": {
            "version": "1.0.3",
            "resolved": "https://registry.npmjs.org/sprintf-js/-/sprintf-js-1.0.3.tgz",
            "integrity": "sha1-BOaSb2YolTVPPdAVIDYzuFcpfiw="
        },
        "ts-md5": {
            "version": "github:garronej/ts-md5#21b73506eb10d62180673d1a3fd2d3f5a3268c15",
            "from": "github:garronej/ts-md5#v1.2.7"
        },
        "typescript": {
            "version": "3.9.2",
            "resolved": "https://registry.npmjs.org/typescript/-/typescript-3.9.2.tgz",
            "integrity": "sha512-q2ktq4n/uLuNNShyayit+DTobV2ApPEo/6so68JaD5ojvc/6GClBipedB9zNWYxRSAlZXAe405Rlijzl6qDiSw==",
            "dev": true
        }
    }
}
