{
    "name": "my-dummy-npm-and-deno-module",
    "version": "0.2.6",
    "lockfileVersion": 1,
    "requires": true,
    "dependencies": {
        "@octokit/auth-token": {
            "version": "2.4.2",
            "resolved": "https://registry.npmjs.org/@octokit/auth-token/-/auth-token-2.4.2.tgz",
            "integrity": "sha512-jE/lE/IKIz2v1+/P0u4fJqv0kYwXOTujKemJMFr6FeopsxlIK3+wKDCJGnysg81XID5TgZQbIfuJ5J0lnTiuyQ==",
            "dev": true,
            "requires": {
                "@octokit/types": "^5.0.0"
            }
        },
        "@octokit/core": {
            "version": "3.1.2",
            "resolved": "https://registry.npmjs.org/@octokit/core/-/core-3.1.2.tgz",
            "integrity": "sha512-AInOFULmwOa7+NFi9F8DlDkm5qtZVmDQayi7TUgChE3yeIGPq0Y+6cAEXPexQ3Ea+uZy66hKEazR7DJyU+4wfw==",
            "dev": true,
            "requires": {
                "@octokit/auth-token": "^2.4.0",
                "@octokit/graphql": "^4.3.1",
                "@octokit/request": "^5.4.0",
                "@octokit/types": "^5.0.0",
                "before-after-hook": "^2.1.0",
                "universal-user-agent": "^6.0.0"
            }
        },
        "@octokit/endpoint": {
            "version": "6.0.5",
            "resolved": "https://registry.npmjs.org/@octokit/endpoint/-/endpoint-6.0.5.tgz",
            "integrity": "sha512-70K5u6zd45ItOny6aHQAsea8HHQjlQq85yqOMe+Aj8dkhN2qSJ9T+Q3YjUjEYfPRBcuUWNgMn62DQnP/4LAIiQ==",
            "dev": true,
            "requires": {
                "@octokit/types": "^5.0.0",
                "is-plain-object": "^4.0.0",
                "universal-user-agent": "^6.0.0"
            }
        },
        "@octokit/graphql": {
            "version": "4.5.3",
            "resolved": "https://registry.npmjs.org/@octokit/graphql/-/graphql-4.5.3.tgz",
            "integrity": "sha512-JyYvi3j2tOb5ofASEpcg1Advs07H+Ag+I+ez7buuZfNVAmh1IYcDTuxd4gnYH8S2PSGu+f5IdDGxMmkK+5zsdA==",
            "dev": true,
            "requires": {
                "@octokit/request": "^5.3.0",
                "@octokit/types": "^5.0.0",
                "universal-user-agent": "^6.0.0"
            }
        },
        "@octokit/plugin-paginate-rest": {
            "version": "2.3.0",
            "resolved": "https://registry.npmjs.org/@octokit/plugin-paginate-rest/-/plugin-paginate-rest-2.3.0.tgz",
            "integrity": "sha512-Ye2ZJreP0ZlqJQz8fz+hXvrEAEYK4ay7br1eDpWzr6j76VXs/gKqxFcH8qRzkB3fo/2xh4Vy9VtGii4ZDc9qlA==",
            "dev": true,
            "requires": {
                "@octokit/types": "^5.2.0"
            }
        },
        "@octokit/plugin-request-log": {
            "version": "1.0.0",
            "resolved": "https://registry.npmjs.org/@octokit/plugin-request-log/-/plugin-request-log-1.0.0.tgz",
            "integrity": "sha512-ywoxP68aOT3zHCLgWZgwUJatiENeHE7xJzYjfz8WI0goynp96wETBF+d95b8g/uL4QmS6owPVlaxiz3wyMAzcw==",
            "dev": true
        },
        "@octokit/plugin-rest-endpoint-methods": {
            "version": "4.1.2",
            "resolved": "https://registry.npmjs.org/@octokit/plugin-rest-endpoint-methods/-/plugin-rest-endpoint-methods-4.1.2.tgz",
            "integrity": "sha512-PTI7wpbGEZ2IR87TVh+TNWaLcgX/RsZQalFbQCq8XxYUrQ36RHyERrHSNXFy5gkWpspUAOYRSV707JJv6BhqJA==",
            "dev": true,
            "requires": {
                "@octokit/types": "^5.1.1",
                "deprecation": "^2.3.1"
            }
        },
        "@octokit/request": {
            "version": "5.4.7",
            "resolved": "https://registry.npmjs.org/@octokit/request/-/request-5.4.7.tgz",
            "integrity": "sha512-FN22xUDP0i0uF38YMbOfx6TotpcENP5W8yJM1e/LieGXn6IoRxDMnBf7tx5RKSW4xuUZ/1P04NFZy5iY3Rax1A==",
            "dev": true,
            "requires": {
                "@octokit/endpoint": "^6.0.1",
                "@octokit/request-error": "^2.0.0",
                "@octokit/types": "^5.0.0",
                "deprecation": "^2.0.0",
                "is-plain-object": "^4.0.0",
                "node-fetch": "^2.3.0",
                "once": "^1.4.0",
                "universal-user-agent": "^6.0.0"
            }
        },
        "@octokit/request-error": {
            "version": "2.0.2",
            "resolved": "https://registry.npmjs.org/@octokit/request-error/-/request-error-2.0.2.tgz",
            "integrity": "sha512-2BrmnvVSV1MXQvEkrb9zwzP0wXFNbPJij922kYBTLIlIafukrGOb+ABBT2+c6wZiuyWDH1K1zmjGQ0toN/wMWw==",
            "dev": true,
            "requires": {
                "@octokit/types": "^5.0.1",
                "deprecation": "^2.0.0",
                "once": "^1.4.0"
            }
        },
        "@octokit/rest": {
            "version": "18.0.3",
            "resolved": "https://registry.npmjs.org/@octokit/rest/-/rest-18.0.3.tgz",
            "integrity": "sha512-GubgemnLvUJlkhouTM2BtX+g/voYT/Mqh0SASGwTnLvSkW1irjt14N911/ABb6m1Hru0TwScOgFgMFggp3igfQ==",
            "dev": true,
            "requires": {
                "@octokit/core": "^3.0.0",
                "@octokit/plugin-paginate-rest": "^2.2.0",
                "@octokit/plugin-request-log": "^1.0.0",
                "@octokit/plugin-rest-endpoint-methods": "4.1.2"
            }
        },
        "@octokit/types": {
            "version": "5.2.1",
            "resolved": "https://registry.npmjs.org/@octokit/types/-/types-5.2.1.tgz",
            "integrity": "sha512-PugtgEw8u++zAyBpDpSkR8K1OsT2l8QWp3ECL6bZHFoq9PfHDoKeGFWSuX2Z+Ghy93k1fkKf8tsmqNBv+8dEfQ==",
            "dev": true,
            "requires": {
                "@types/node": ">= 8"
            }
        },
        "@types/comment-json": {
            "version": "1.1.1",
            "resolved": "https://registry.npmjs.org/@types/comment-json/-/comment-json-1.1.1.tgz",
            "integrity": "sha512-U70oEqvnkeSSp8BIJwJclERtT13rd9ejK7XkIzMCQQePZe3VW1b7iQggXyW4ZvfGtGeXD0pZw24q5iWNe++HqQ==",
            "dev": true
        },
        "@types/js-yaml": {
            "version": "3.12.5",
            "resolved": "https://registry.npmjs.org/@types/js-yaml/-/js-yaml-3.12.5.tgz",
            "integrity": "sha512-JCcp6J0GV66Y4ZMDAQCXot4xprYB+Zfd3meK9+INSJeVZwJmHAW30BBEEkPzXswMXuiyReUGOP3GxrADc9wPww==",
            "dev": true
        },
        "@types/node": {
            "version": "10.17.28",
            "resolved": "https://registry.npmjs.org/@types/node/-/node-10.17.28.tgz",
            "integrity": "sha512-dzjES1Egb4c1a89C7lKwQh8pwjYmlOAG9dW1pBgxEk57tMrLnssOfEthz8kdkNaBd7lIqQx7APm5+mZ619IiCQ==",
            "dev": true
        },
        "argparse": {
            "version": "1.0.10",
            "resolved": "https://registry.npmjs.org/argparse/-/argparse-1.0.10.tgz",
            "integrity": "sha512-o5Roy6tNG4SL/FOkCAN6RzjiakZS25RLYFrcMttJqbdd8BWrnA+fGz57iN5Pb06pvBGvl5gQ0B48dJlslXvoTg==",
            "requires": {
                "sprintf-js": "~1.0.2"
            }
        },
        "balanced-match": {
            "version": "1.0.0",
            "resolved": "https://registry.npmjs.org/balanced-match/-/balanced-match-1.0.0.tgz",
            "integrity": "sha1-ibTRmasr7kneFk6gK4nORi1xt2c=",
            "dev": true
        },
        "before-after-hook": {
            "version": "2.1.0",
            "resolved": "https://registry.npmjs.org/before-after-hook/-/before-after-hook-2.1.0.tgz",
            "integrity": "sha512-IWIbu7pMqyw3EAJHzzHbWa85b6oud/yfKYg5rqB5hNE8CeMi3nX+2C2sj0HswfblST86hpVEOAb9x34NZd6P7A==",
            "dev": true
        },
        "brace-expansion": {
            "version": "1.1.11",
            "resolved": "https://registry.npmjs.org/brace-expansion/-/brace-expansion-1.1.11.tgz",
            "integrity": "sha512-iCuPHDFgrHX7H2vEI/5xpz07zSHB00TpugqhmYtVmMO6518mCuRMoOYFldEBl0g187ufozdaHgWKcYFb61qGiA==",
            "dev": true,
            "requires": {
                "balanced-match": "^1.0.0",
                "concat-map": "0.0.1"
            }
        },
        "colors": {
            "version": "1.4.0",
            "resolved": "https://registry.npmjs.org/colors/-/colors-1.4.0.tgz",
            "integrity": "sha512-a+UqTh4kgZg/SlGvfbzDHpgRu7AAQOmmqRHJnxhRZICKFUT91brVhNNt58CMWU9PsBbv3PDCZUHbVxuDiH2mtA==",
            "dev": true
        },
        "commander": {
            "version": "4.1.1",
            "resolved": "https://registry.npmjs.org/commander/-/commander-4.1.1.tgz",
            "integrity": "sha512-NOKm8xhkzAjzFx8B2v5OAHT+u5pRQc2UCa2Vq9jYL/31o2wi9mxBA7LIFs3sV5VSC49z6pEhfbMULvShKj26WA==",
            "dev": true
        },
        "comment-json": {
            "version": "3.0.2",
            "resolved": "https://registry.npmjs.org/comment-json/-/comment-json-3.0.2.tgz",
            "integrity": "sha512-ysJasbJ671+8mPEmwLOfLFqxoGtSmjyoep+lKRVH4J1/hsGu79fwetMDQWk8de8mVgqDZ43D7JuJAlACqjI1pg==",
            "dev": true,
            "requires": {
                "core-util-is": "^1.0.2",
                "esprima": "^4.0.1",
                "has-own-prop": "^2.0.0",
                "repeat-string": "^1.6.1"
            }
        },
        "concat-map": {
            "version": "0.0.1",
            "resolved": "https://registry.npmjs.org/concat-map/-/concat-map-0.0.1.tgz",
            "integrity": "sha1-2Klr13/Wjfd5OnMDajug1UBdR3s=",
            "dev": true
        },
        "core-util-is": {
            "version": "1.0.2",
            "resolved": "https://registry.npmjs.org/core-util-is/-/core-util-is-1.0.2.tgz",
            "integrity": "sha1-tf1UIgqivFq1eqtxQMlAdUUDwac=",
            "dev": true
        },
        "denoify": {
            "version": "0.3.7",
            "resolved": "https://registry.npmjs.org/denoify/-/denoify-0.3.7.tgz",
            "integrity": "sha512-WzpkNc9H0ON9sMrNaDL4VfxCU2X8Lh6lZ0y4CHHOdvrA1ChyvQ6d77MHqiX2omSTZAj0Vxkv9Rlbtd3C+EaHAA==",
            "dev": true,
            "requires": {
                "@octokit/rest": "^18.0.0",
                "@types/comment-json": "^1.1.1",
                "commander": "^4.1.1",
                "comment-json": "^3.0.2",
                "evt": "^1.7.13",
                "get-github-default-branch-name": "^0.0.4",
                "gitignore-parser": "0.0.2",
                "glob": "^7.1.6",
                "node-fetch": "^2.6.0",
                "path-depth": "^1.0.0",
                "scripting-tools": "^0.19.12",
                "url-join": "^4.0.1"
            }
        },
        "deprecation": {
            "version": "2.3.1",
            "resolved": "https://registry.npmjs.org/deprecation/-/deprecation-2.3.1.tgz",
            "integrity": "sha512-xmHIy4F3scKVwMsQ4WnVaS8bHOx0DmVwRywosKhaILI0ywMDWPtBSku2HNxRvF7jtwDRsoEwYQSfbxj8b7RlJQ==",
            "dev": true
        },
        "esprima": {
            "version": "4.0.1",
            "resolved": "https://registry.npmjs.org/esprima/-/esprima-4.0.1.tgz",
            "integrity": "sha512-eGuFFw7Upda+g4p+QHvnW0RyTX/SVeJBDM/gCtMARO0cLuT2HcEKnTPvhjV6aGeqrCB/sbNop0Kszm0jsaWU4A=="
        },
        "evt": {
            "version": "1.8.4",
            "resolved": "https://registry.npmjs.org/evt/-/evt-1.8.4.tgz",
            "integrity": "sha512-PXQyq6/NwG4t2jOxAwkHmHoQniUMEAVUF8jhZrGxk0axyBwZkk1+/RVKx0vmBtNizOIOCFR/rBLrXvHG2qhbxg==",
            "dev": true,
            "requires": {
                "minimal-polyfills": "^2.1.3",
                "run-exclusive": "^2.2.9"
            }
        },
        "fs.realpath": {
            "version": "1.0.0",
            "resolved": "https://registry.npmjs.org/fs.realpath/-/fs.realpath-1.0.0.tgz",
            "integrity": "sha1-FQStJSMVjKpA20onh8sBQRmU6k8=",
            "dev": true
        },
        "get-github-default-branch-name": {
            "version": "0.0.4",
            "resolved": "https://registry.npmjs.org/get-github-default-branch-name/-/get-github-default-branch-name-0.0.4.tgz",
            "integrity": "sha512-ltOGC9Jk0k8boe48Gk7SkJErwxt7MhwXtbNrBUyNCZcwcXSmGRdkKb2u0YO250PGvPsUtdqRjg7lVuIk1VtpCg==",
            "dev": true,
            "requires": {
                "@octokit/rest": "^18.0.0",
                "scripting-tools": "^0.19.12"
            }
        },
        "gitignore-parser": {
            "version": "0.0.2",
            "resolved": "https://registry.npmjs.org/gitignore-parser/-/gitignore-parser-0.0.2.tgz",
            "integrity": "sha1-9hJZuYXdkUFLmnFo+u+RccLuxd8=",
            "dev": true
        },
        "glob": {
            "version": "7.1.6",
            "resolved": "https://registry.npmjs.org/glob/-/glob-7.1.6.tgz",
            "integrity": "sha512-LwaxwyZ72Lk7vZINtNNrywX0ZuLyStrdDtabefZKAY5ZGJhVtgdznluResxNmPitE0SAO+O26sWTHeKSI2wMBA==",
            "dev": true,
            "requires": {
                "fs.realpath": "^1.0.0",
                "inflight": "^1.0.4",
                "inherits": "2",
                "minimatch": "^3.0.4",
                "once": "^1.3.0",
                "path-is-absolute": "^1.0.0"
            }
        },
        "has-own-prop": {
            "version": "2.0.0",
            "resolved": "https://registry.npmjs.org/has-own-prop/-/has-own-prop-2.0.0.tgz",
            "integrity": "sha512-Pq0h+hvsVm6dDEa8x82GnLSYHOzNDt7f0ddFa3FqcQlgzEiptPqL+XrOJNavjOzSYiYWIrgeVYYgGlLmnxwilQ==",
            "dev": true
        },
        "inflight": {
            "version": "1.0.6",
            "resolved": "https://registry.npmjs.org/inflight/-/inflight-1.0.6.tgz",
            "integrity": "sha1-Sb1jMdfQLQwJvJEKEHW6gWW1bfk=",
            "dev": true,
            "requires": {
                "once": "^1.3.0",
                "wrappy": "1"
            }
        },
        "inherits": {
            "version": "2.0.4",
            "resolved": "https://registry.npmjs.org/inherits/-/inherits-2.0.4.tgz",
            "integrity": "sha512-k/vGaX4/Yla3WzyMCvTQOXYeIHvqOKtnqBduzTHpzpQZzAskKMhZ2K+EnBiSM9zGSoIFeMpXKxa4dYeZIQqewQ==",
            "dev": true
        },
        "is-plain-object": {
            "version": "4.1.1",
            "resolved": "https://registry.npmjs.org/is-plain-object/-/is-plain-object-4.1.1.tgz",
            "integrity": "sha512-5Aw8LLVsDlZsETVMhoMXzqsXwQqr/0vlnBYzIXJbYo2F4yYlhLHs+Ez7Bod7IIQKWkJbJfxrWD7pA1Dw1TKrwA==",
            "dev": true
        },
        "js-yaml": {
            "version": "3.14.0",
            "resolved": "https://registry.npmjs.org/js-yaml/-/js-yaml-3.14.0.tgz",
            "integrity": "sha512-/4IbIeHcD9VMHFqDR/gQ7EdZdLimOvW2DdcxFjdyyZ9NsbS+ccrXqVWDtab/lRl5AlUqmpBx8EhPaWR+OtY17A==",
            "requires": {
                "argparse": "^1.0.7",
                "esprima": "^4.0.0"
            }
        },
        "minimal-polyfills": {
            "version": "2.1.3",
            "resolved": "https://registry.npmjs.org/minimal-polyfills/-/minimal-polyfills-2.1.3.tgz",
            "integrity": "sha512-gEbwv2dEvvrGys/hhWdZy+/BGkKAKqzxfmVqmF1Jl9OlD0tK9hEFLJ2tCXOuOtz2qiDMQO2Ke1jYB2s5uCj2Xw=="
        },
        "minimatch": {
            "version": "3.0.4",
            "resolved": "https://registry.npmjs.org/minimatch/-/minimatch-3.0.4.tgz",
            "integrity": "sha512-yJHVQEhyqPLUTgt9B83PXu6W3rx4MvvHvSUvToogpwoGDOUQ+yDrR0HRot+yOCdCO7u4hX3pWft6kWBBcqh0UA==",
            "dev": true,
            "requires": {
                "brace-expansion": "^1.1.7"
            }
        },
        "node-fetch": {
            "version": "2.6.0",
            "resolved": "https://registry.npmjs.org/node-fetch/-/node-fetch-2.6.0.tgz",
            "integrity": "sha512-8dG4H5ujfvFiqDmVu9fQ5bOHUC15JMjMY/Zumv26oOvvVJjM67KF8koCWIabKQ1GJIa9r2mMZscBq/TbdOcmNA==",
            "dev": true
        },
        "once": {
            "version": "1.4.0",
            "resolved": "https://registry.npmjs.org/once/-/once-1.4.0.tgz",
            "integrity": "sha1-WDsap3WWHUsROsF9nFC6753Xa9E=",
            "dev": true,
            "requires": {
                "wrappy": "1"
            }
        },
        "path-depth": {
            "version": "1.0.0",
            "resolved": "https://registry.npmjs.org/path-depth/-/path-depth-1.0.0.tgz",
            "integrity": "sha512-dEiwdXAQyLvOi6ktLqhFhjVelJiVsdp2xBX3BaUtYCCkMRZTwUiq7cha+A0myvAVXRHbXfjhfTf4mNoAWzm2iA==",
            "dev": true
        },
        "path-is-absolute": {
            "version": "1.0.1",
            "resolved": "https://registry.npmjs.org/path-is-absolute/-/path-is-absolute-1.0.1.tgz",
            "integrity": "sha1-F0uSaHNVNP+8es5r9TpanhtcX18=",
            "dev": true
        },
        "repeat-string": {
            "version": "1.6.1",
            "resolved": "https://registry.npmjs.org/repeat-string/-/repeat-string-1.6.1.tgz",
            "integrity": "sha1-jcrkcOHIirwtYA//Sndihtp15jc=",
            "dev": true
        },
        "run-exclusive": {
            "version": "2.2.9",
            "resolved": "https://registry.npmjs.org/run-exclusive/-/run-exclusive-2.2.9.tgz",
            "integrity": "sha512-COe4mmmqTeAuHGLXVKkRDp6/pec/SF/FN8TipkNLtS8Uy/Qkl1or0pk2mChX3x9ib5AEhEA+OB7P9mlXfHe5rQ==",
            "requires": {
                "minimal-polyfills": "^2.1.3"
            }
        },
        "scripting-tools": {
            "version": "0.19.12",
            "resolved": "https://registry.npmjs.org/scripting-tools/-/scripting-tools-0.19.12.tgz",
            "integrity": "sha512-EFzjnGAZ/w2jdX8zxV2annB2yyaW2cih1jCqim0N1PgVGc1+k+QhIuHGpDVnAIcGXUywBk+JON5GQDkKP8QHyQ==",
            "dev": true
        },
        "sprintf-js": {
            "version": "1.0.3",
            "resolved": "https://registry.npmjs.org/sprintf-js/-/sprintf-js-1.0.3.tgz",
            "integrity": "sha1-BOaSb2YolTVPPdAVIDYzuFcpfiw="
        },
        "ts-md5": {
            "version": "github:garronej/ts-md5#253ac61d7791942b7403cf2eadf5d364a135cef4",
            "from": "github:garronej/ts-md5#1.2.7"
        },
        "typescript": {
            "version": "3.9.7",
            "resolved": "https://registry.npmjs.org/typescript/-/typescript-3.9.7.tgz",
            "integrity": "sha512-BLbiRkiBzAwsjut4x/dsibSTB6yWpwT5qWmC2OfuCg3GgVQCSgMs4vEctYPhsaGtd0AeuuHMkjZ2h2WG8MSzRw==",
            "dev": true
        },
        "universal-user-agent": {
            "version": "6.0.0",
            "resolved": "https://registry.npmjs.org/universal-user-agent/-/universal-user-agent-6.0.0.tgz",
            "integrity": "sha512-isyNax3wXoKaulPDZWHQqbmIx1k2tb9fb3GGDBRxCscfYV2Ch7WxPArBsFEG8s/safwXTT7H4QGhaIkTp9447w==",
            "dev": true
        },
        "url-join": {
            "version": "4.0.1",
            "resolved": "https://registry.npmjs.org/url-join/-/url-join-4.0.1.tgz",
            "integrity": "sha512-jk1+QP6ZJqyOiuEI9AEWQfju/nB2Pw466kbA0LEZljHwKeMgd9WrAEgEGxjPDD2+TNbbb37rTyhEfrCXfuKXnA==",
            "dev": true
        },
        "wrappy": {
            "version": "1.0.2",
            "resolved": "https://registry.npmjs.org/wrappy/-/wrappy-1.0.2.tgz",
            "integrity": "sha1-tSQ9jz7BqjXxNkYFvA0QNuMKtp8=",
            "dev": true
        }
    }
}
