{
    "name": "my-dummy-npm-and-deno-module",
    "version": "0.4.0",
    "lockfileVersion": 1,
    "requires": true,
    "dependencies": {
        "@octokit/auth-token": {
            "version": "2.4.2",
            "resolved": "https://registry.npmjs.org/@octokit/auth-token/-/auth-token-2.4.2.tgz",
            "integrity": "sha512-jE/lE/IKIz2v1+/P0u4fJqv0kYwXOTujKemJMFr6FeopsxlIK3+wKDCJGnysg81XID5TgZQbIfuJ5J0lnTiuyQ==",
            "dev": true,
            "requires": {
                "@octokit/types": "^5.0.0"
            }
        },
        "@octokit/core": {
            "version": "3.1.2",
            "resolved": "https://registry.npmjs.org/@octokit/core/-/core-3.1.2.tgz",
            "integrity": "sha512-AInOFULmwOa7+NFi9F8DlDkm5qtZVmDQayi7TUgChE3yeIGPq0Y+6cAEXPexQ3Ea+uZy66hKEazR7DJyU+4wfw==",
            "dev": true,
            "requires": {
                "@octokit/auth-token": "^2.4.0",
                "@octokit/graphql": "^4.3.1",
                "@octokit/request": "^5.4.0",
                "@octokit/types": "^5.0.0",
                "before-after-hook": "^2.1.0",
                "universal-user-agent": "^6.0.0"
            }
        },
        "@octokit/endpoint": {
            "version": "6.0.6",
            "resolved": "https://registry.npmjs.org/@octokit/endpoint/-/endpoint-6.0.6.tgz",
            "integrity": "sha512-7Cc8olaCoL/mtquB7j/HTbPM+sY6Ebr4k2X2y4JoXpVKQ7r5xB4iGQE0IoO58wIPsUk4AzoT65AMEpymSbWTgQ==",
            "dev": true,
            "requires": {
                "@octokit/types": "^5.0.0",
                "is-plain-object": "^5.0.0",
                "universal-user-agent": "^6.0.0"
            }
        },
        "@octokit/graphql": {
            "version": "4.5.6",
            "resolved": "https://registry.npmjs.org/@octokit/graphql/-/graphql-4.5.6.tgz",
            "integrity": "sha512-Rry+unqKTa3svswT2ZAuqenpLrzJd+JTv89LTeVa5UM/5OX8o4KTkPL7/1ABq4f/ZkELb0XEK/2IEoYwykcLXg==",
            "dev": true,
            "requires": {
                "@octokit/request": "^5.3.0",
                "@octokit/types": "^5.0.0",
                "universal-user-agent": "^6.0.0"
            }
        },
        "@octokit/plugin-paginate-rest": {
            "version": "2.4.0",
            "resolved": "https://registry.npmjs.org/@octokit/plugin-paginate-rest/-/plugin-paginate-rest-2.4.0.tgz",
            "integrity": "sha512-YT6Klz3LLH6/nNgi0pheJnUmTFW4kVnxGft+v8Itc41IIcjl7y1C8TatmKQBbCSuTSNFXO5pCENnqg6sjwpJhg==",
            "dev": true,
            "requires": {
                "@octokit/types": "^5.5.0"
            }
        },
        "@octokit/plugin-request-log": {
            "version": "1.0.0",
            "resolved": "https://registry.npmjs.org/@octokit/plugin-request-log/-/plugin-request-log-1.0.0.tgz",
            "integrity": "sha512-ywoxP68aOT3zHCLgWZgwUJatiENeHE7xJzYjfz8WI0goynp96wETBF+d95b8g/uL4QmS6owPVlaxiz3wyMAzcw==",
            "dev": true
        },
        "@octokit/plugin-rest-endpoint-methods": {
            "version": "4.2.0",
            "resolved": "https://registry.npmjs.org/@octokit/plugin-rest-endpoint-methods/-/plugin-rest-endpoint-methods-4.2.0.tgz",
            "integrity": "sha512-1/qn1q1C1hGz6W/iEDm9DoyNoG/xdFDt78E3eZ5hHeUfJTLJgyAMdj9chL/cNBHjcjd+FH5aO1x0VCqR2RE0mw==",
            "dev": true,
            "requires": {
                "@octokit/types": "^5.5.0",
                "deprecation": "^2.3.1"
            }
        },
        "@octokit/request": {
            "version": "5.4.9",
            "resolved": "https://registry.npmjs.org/@octokit/request/-/request-5.4.9.tgz",
            "integrity": "sha512-CzwVvRyimIM1h2n9pLVYfTDmX9m+KHSgCpqPsY8F1NdEK8IaWqXhSBXsdjOBFZSpEcxNEeg4p0UO9cQ8EnOCLA==",
            "dev": true,
            "requires": {
                "@octokit/endpoint": "^6.0.1",
                "@octokit/request-error": "^2.0.0",
                "@octokit/types": "^5.0.0",
                "deprecation": "^2.0.0",
                "is-plain-object": "^5.0.0",
                "node-fetch": "^2.6.1",
                "once": "^1.4.0",
                "universal-user-agent": "^6.0.0"
            }
        },
        "@octokit/request-error": {
            "version": "2.0.2",
            "resolved": "https://registry.npmjs.org/@octokit/request-error/-/request-error-2.0.2.tgz",
            "integrity": "sha512-2BrmnvVSV1MXQvEkrb9zwzP0wXFNbPJij922kYBTLIlIafukrGOb+ABBT2+c6wZiuyWDH1K1zmjGQ0toN/wMWw==",
            "dev": true,
            "requires": {
                "@octokit/types": "^5.0.1",
                "deprecation": "^2.0.0",
                "once": "^1.4.0"
            }
        },
        "@octokit/rest": {
            "version": "18.0.6",
            "resolved": "https://registry.npmjs.org/@octokit/rest/-/rest-18.0.6.tgz",
            "integrity": "sha512-ES4lZBKPJMX/yUoQjAZiyFjei9pJ4lTTfb9k7OtYoUzKPDLl/M8jiHqt6qeSauyU4eZGLw0sgP1WiQl9FYeM5w==",
            "dev": true,
            "requires": {
                "@octokit/core": "^3.0.0",
                "@octokit/plugin-paginate-rest": "^2.2.0",
                "@octokit/plugin-request-log": "^1.0.0",
                "@octokit/plugin-rest-endpoint-methods": "4.2.0"
            }
        },
        "@octokit/types": {
            "version": "5.5.0",
            "resolved": "https://registry.npmjs.org/@octokit/types/-/types-5.5.0.tgz",
            "integrity": "sha512-UZ1pErDue6bZNjYOotCNveTXArOMZQFG6hKJfOnGnulVCMcVVi7YIIuuR4WfBhjo7zgpmzn/BkPDnUXtNx+PcQ==",
            "dev": true,
            "requires": {
                "@types/node": ">= 8"
            }
        },
        "@types/comment-json": {
            "version": "1.1.1",
            "resolved": "https://registry.npmjs.org/@types/comment-json/-/comment-json-1.1.1.tgz",
            "integrity": "sha512-U70oEqvnkeSSp8BIJwJclERtT13rd9ejK7XkIzMCQQePZe3VW1b7iQggXyW4ZvfGtGeXD0pZw24q5iWNe++HqQ==",
            "dev": true
        },
        "@types/js-yaml": {
            "version": "3.12.5",
            "resolved": "https://registry.npmjs.org/@types/js-yaml/-/js-yaml-3.12.5.tgz",
            "integrity": "sha512-JCcp6J0GV66Y4ZMDAQCXot4xprYB+Zfd3meK9+INSJeVZwJmHAW30BBEEkPzXswMXuiyReUGOP3GxrADc9wPww==",
            "dev": true
        },
        "@types/node": {
            "version": "10.17.35",
            "resolved": "https://registry.npmjs.org/@types/node/-/node-10.17.35.tgz",
            "integrity": "sha512-gXx7jAWpMddu0f7a+L+txMplp3FnHl53OhQIF9puXKq3hDGY/GjH+MF04oWnV/adPSCrbtHumDCFwzq2VhltWA==",
            "dev": true
        },
        "@types/prop-types": {
            "version": "15.7.3",
            "resolved": "https://registry.npmjs.org/@types/prop-types/-/prop-types-15.7.3.tgz",
            "integrity": "sha512-KfRL3PuHmqQLOG+2tGpRO26Ctg+Cq1E01D2DMriKEATHgWLfeNDmq9e29Q9WIky0dQ3NPkd1mzYH8Lm936Z9qw==",
            "dev": true
        },
        "@types/react": {
            "version": "16.9.49",
            "resolved": "https://registry.npmjs.org/@types/react/-/react-16.9.49.tgz",
            "integrity": "sha512-DtLFjSj0OYAdVLBbyjhuV9CdGVHCkHn2R+xr3XkBvK2rS1Y1tkc14XSGjYgm5Fjjr90AxH9tiSzc1pCFMGO06g==",
            "dev": true,
            "requires": {
                "@types/prop-types": "*",
                "csstype": "^3.0.2"
            }
        },
        "@types/react-dom": {
            "version": "16.9.8",
            "resolved": "https://registry.npmjs.org/@types/react-dom/-/react-dom-16.9.8.tgz",
            "integrity": "sha512-ykkPQ+5nFknnlU6lDd947WbQ6TE3NNzbQAkInC2EKY1qeYdTKp7onFusmYZb+ityzx2YviqT6BXSu+LyWWJwcA==",
            "dev": true,
            "requires": {
                "@types/react": "*"
            }
        },
        "argparse": {
            "version": "1.0.10",
            "resolved": "https://registry.npmjs.org/argparse/-/argparse-1.0.10.tgz",
            "integrity": "sha512-o5Roy6tNG4SL/FOkCAN6RzjiakZS25RLYFrcMttJqbdd8BWrnA+fGz57iN5Pb06pvBGvl5gQ0B48dJlslXvoTg==",
            "requires": {
                "sprintf-js": "~1.0.2"
            }
        },
        "balanced-match": {
            "version": "1.0.0",
            "resolved": "https://registry.npmjs.org/balanced-match/-/balanced-match-1.0.0.tgz",
            "integrity": "sha1-ibTRmasr7kneFk6gK4nORi1xt2c=",
            "dev": true
        },
        "base64-js": {
            "version": "1.3.1",
            "resolved": "https://registry.npmjs.org/base64-js/-/base64-js-1.3.1.tgz",
            "integrity": "sha512-mLQ4i2QO1ytvGWFWmcngKO//JXAQueZvwEKtjgQFM4jIK0kU+ytMfplL8j+n5mspOfjHwoAg+9yhb7BwAHm36g=="
        },
        "before-after-hook": {
            "version": "2.1.0",
            "resolved": "https://registry.npmjs.org/before-after-hook/-/before-after-hook-2.1.0.tgz",
            "integrity": "sha512-IWIbu7pMqyw3EAJHzzHbWa85b6oud/yfKYg5rqB5hNE8CeMi3nX+2C2sj0HswfblST86hpVEOAb9x34NZd6P7A==",
            "dev": true
        },
        "brace-expansion": {
            "version": "1.1.11",
            "resolved": "https://registry.npmjs.org/brace-expansion/-/brace-expansion-1.1.11.tgz",
            "integrity": "sha512-iCuPHDFgrHX7H2vEI/5xpz07zSHB00TpugqhmYtVmMO6518mCuRMoOYFldEBl0g187ufozdaHgWKcYFb61qGiA==",
            "dev": true,
            "requires": {
                "balanced-match": "^1.0.0",
                "concat-map": "0.0.1"
            }
        },
        "buffer": {
            "version": "5.6.0",
            "resolved": "https://registry.npmjs.org/buffer/-/buffer-5.6.0.tgz",
            "integrity": "sha512-/gDYp/UtU0eA1ys8bOs9J6a+E/KWIY+DZ+Q2WESNUA0jFRsJOc0SNUO6xJ5SGA1xueg3NL65W6s+NY5l9cunuw==",
            "requires": {
                "base64-js": "^1.0.2",
                "ieee754": "^1.1.4"
            }
        },
        "colors": {
            "version": "1.4.0",
            "resolved": "https://registry.npmjs.org/colors/-/colors-1.4.0.tgz",
            "integrity": "sha512-a+UqTh4kgZg/SlGvfbzDHpgRu7AAQOmmqRHJnxhRZICKFUT91brVhNNt58CMWU9PsBbv3PDCZUHbVxuDiH2mtA==",
            "dev": true
        },
        "commander": {
            "version": "4.1.1",
            "resolved": "https://registry.npmjs.org/commander/-/commander-4.1.1.tgz",
            "integrity": "sha512-NOKm8xhkzAjzFx8B2v5OAHT+u5pRQc2UCa2Vq9jYL/31o2wi9mxBA7LIFs3sV5VSC49z6pEhfbMULvShKj26WA==",
            "dev": true
        },
        "comment-json": {
            "version": "3.0.3",
            "resolved": "https://registry.npmjs.org/comment-json/-/comment-json-3.0.3.tgz",
            "integrity": "sha512-P7XwYkC3qjIK45EAa9c5Y3lR7SMXhJqwFdWg3niAIAcbk3zlpKDdajV8Hyz/Y3sGNn3l+YNMl8A2N/OubSArHg==",
            "dev": true,
            "requires": {
                "core-util-is": "^1.0.2",
                "esprima": "^4.0.1",
                "has-own-prop": "^2.0.0",
                "repeat-string": "^1.6.1"
            }
        },
        "concat-map": {
            "version": "0.0.1",
            "resolved": "https://registry.npmjs.org/concat-map/-/concat-map-0.0.1.tgz",
            "integrity": "sha1-2Klr13/Wjfd5OnMDajug1UBdR3s=",
            "dev": true
        },
        "core-util-is": {
            "version": "1.0.2",
            "resolved": "https://registry.npmjs.org/core-util-is/-/core-util-is-1.0.2.tgz",
            "integrity": "sha1-tf1UIgqivFq1eqtxQMlAdUUDwac=",
            "dev": true
        },
        "csstype": {
            "version": "3.0.3",
            "resolved": "https://registry.npmjs.org/csstype/-/csstype-3.0.3.tgz",
            "integrity": "sha512-jPl+wbWPOWJ7SXsWyqGRk3lGecbar0Cb0OvZF/r/ZU011R4YqiRehgkQ9p4eQfo9DSDLqLL3wHwfxeJiuIsNag==",
            "dev": true
        },
        "denoify": {
            "version": "0.5.9",
            "resolved": "https://registry.npmjs.org/denoify/-/denoify-0.5.9.tgz",
            "integrity": "sha512-XetyJDOv0/YhLAatIlj/MPX6qYtfJtzT4ec1dWMu1ZNC6LeGCO31Jx45Nj5AR8WGqzxBHQgNDu/sb460JH51Kg==",
            "dev": true,
            "requires": {
                "@octokit/rest": "^18.0.0",
                "@types/comment-json": "^1.1.1",
                "commander": "^4.1.1",
                "comment-json": "^3.0.2",
                "evt": "^1.7.13",
                "get-github-default-branch-name": "^0.0.4",
                "gitignore-parser": "0.0.2",
                "glob": "^7.1.6",
                "node-fetch": "^2.6.0",
                "path-depth": "^1.0.0",
                "scripting-tools": "^0.19.13",
                "url-join": "^4.0.1"
            }
        },
        "deprecation": {
            "version": "2.3.1",
            "resolved": "https://registry.npmjs.org/deprecation/-/deprecation-2.3.1.tgz",
            "integrity": "sha512-xmHIy4F3scKVwMsQ4WnVaS8bHOx0DmVwRywosKhaILI0ywMDWPtBSku2HNxRvF7jtwDRsoEwYQSfbxj8b7RlJQ==",
            "dev": true
        },
        "esprima": {
            "version": "4.0.1",
            "resolved": "https://registry.npmjs.org/esprima/-/esprima-4.0.1.tgz",
            "integrity": "sha512-eGuFFw7Upda+g4p+QHvnW0RyTX/SVeJBDM/gCtMARO0cLuT2HcEKnTPvhjV6aGeqrCB/sbNop0Kszm0jsaWU4A=="
        },
        "evt": {
            "version": "1.8.10",
            "resolved": "https://registry.npmjs.org/evt/-/evt-1.8.10.tgz",
            "integrity": "sha512-HRe/Vx+SVgPyPvXmJJci8nZYQEBvwE+/imiPOVQXtfnwm2lQv21r4zjGcoTXsNiwn9sTdb+efSTGWih/cFogpw==",
            "dev": true,
            "requires": {
                "minimal-polyfills": "^2.1.5",
                "run-exclusive": "^2.2.14"
            }
        },
        "fs.realpath": {
            "version": "1.0.0",
            "resolved": "https://registry.npmjs.org/fs.realpath/-/fs.realpath-1.0.0.tgz",
            "integrity": "sha1-FQStJSMVjKpA20onh8sBQRmU6k8=",
            "dev": true
        },
        "get-github-default-branch-name": {
            "version": "0.0.4",
            "resolved": "https://registry.npmjs.org/get-github-default-branch-name/-/get-github-default-branch-name-0.0.4.tgz",
            "integrity": "sha512-ltOGC9Jk0k8boe48Gk7SkJErwxt7MhwXtbNrBUyNCZcwcXSmGRdkKb2u0YO250PGvPsUtdqRjg7lVuIk1VtpCg==",
            "dev": true,
            "requires": {
                "@octokit/rest": "^18.0.0",
                "scripting-tools": "^0.19.12"
            }
        },
        "gitignore-parser": {
            "version": "0.0.2",
            "resolved": "https://registry.npmjs.org/gitignore-parser/-/gitignore-parser-0.0.2.tgz",
            "integrity": "sha1-9hJZuYXdkUFLmnFo+u+RccLuxd8=",
            "dev": true
        },
        "glob": {
            "version": "7.1.6",
            "resolved": "https://registry.npmjs.org/glob/-/glob-7.1.6.tgz",
            "integrity": "sha512-LwaxwyZ72Lk7vZINtNNrywX0ZuLyStrdDtabefZKAY5ZGJhVtgdznluResxNmPitE0SAO+O26sWTHeKSI2wMBA==",
            "dev": true,
            "requires": {
                "fs.realpath": "^1.0.0",
                "inflight": "^1.0.4",
                "inherits": "2",
                "minimatch": "^3.0.4",
                "once": "^1.3.0",
                "path-is-absolute": "^1.0.0"
            }
        },
        "has-own-prop": {
            "version": "2.0.0",
            "resolved": "https://registry.npmjs.org/has-own-prop/-/has-own-prop-2.0.0.tgz",
            "integrity": "sha512-Pq0h+hvsVm6dDEa8x82GnLSYHOzNDt7f0ddFa3FqcQlgzEiptPqL+XrOJNavjOzSYiYWIrgeVYYgGlLmnxwilQ==",
            "dev": true
        },
        "ieee754": {
            "version": "1.1.13",
            "resolved": "https://registry.npmjs.org/ieee754/-/ieee754-1.1.13.tgz",
            "integrity": "sha512-4vf7I2LYV/HaWerSo3XmlMkp5eZ83i+/CDluXi/IGTs/O1sejBNhTtnxzmRZfvOUqj7lZjqHkeTvpgSFDlWZTg=="
        },
        "inflight": {
            "version": "1.0.6",
            "resolved": "https://registry.npmjs.org/inflight/-/inflight-1.0.6.tgz",
            "integrity": "sha1-Sb1jMdfQLQwJvJEKEHW6gWW1bfk=",
            "dev": true,
            "requires": {
                "once": "^1.3.0",
                "wrappy": "1"
            }
        },
        "inherits": {
            "version": "2.0.4",
            "resolved": "https://registry.npmjs.org/inherits/-/inherits-2.0.4.tgz",
            "integrity": "sha512-k/vGaX4/Yla3WzyMCvTQOXYeIHvqOKtnqBduzTHpzpQZzAskKMhZ2K+EnBiSM9zGSoIFeMpXKxa4dYeZIQqewQ==",
            "dev": true
        },
        "ipaddr.js": {
            "version": "1.9.1",
            "resolved": "https://registry.npmjs.org/ipaddr.js/-/ipaddr.js-1.9.1.tgz",
            "integrity": "sha512-0KI/607xoxSToH7GjN1FfSbLoU0+btTicjsQSWQlh/hZykN8KpmMf7uYwPW3R+akZ6R/w18ZlXSHBYXiYUPO3g=="
        },
        "is-plain-object": {
            "version": "5.0.0",
            "resolved": "https://registry.npmjs.org/is-plain-object/-/is-plain-object-5.0.0.tgz",
            "integrity": "sha512-VRSzKkbMm5jMDoKLbltAkFQ5Qr7VDiTFGXxYFXXowVj387GeGNOCsOH6Msy00SGZ3Fp84b1Naa1psqgcCIEP5Q==",
            "dev": true
        },
        "js-tokens": {
            "version": "4.0.0",
            "resolved": "https://registry.npmjs.org/js-tokens/-/js-tokens-4.0.0.tgz",
            "integrity": "sha512-RdJUflcE3cUzKiMqQgsCu06FPu9UdIJO0beYbPhHN4k6apgJtifcoCtT9bcxOpYBtpD2kCM6Sbzg4CausW/PKQ=="
        },
        "js-yaml": {
            "version": "3.14.0",
            "resolved": "https://registry.npmjs.org/js-yaml/-/js-yaml-3.14.0.tgz",
            "integrity": "sha512-/4IbIeHcD9VMHFqDR/gQ7EdZdLimOvW2DdcxFjdyyZ9NsbS+ccrXqVWDtab/lRl5AlUqmpBx8EhPaWR+OtY17A==",
            "requires": {
                "argparse": "^1.0.7",
                "esprima": "^4.0.0"
            }
        },
        "left-pad": {
            "version": "1.3.0",
            "resolved": "https://registry.npmjs.org/left-pad/-/left-pad-1.3.0.tgz",
            "integrity": "sha512-XI5MPzVNApjAyhQzphX8BkmKsKUxD4LdyK24iZeQGinBN9yTQT3bFlCBy/aVx2HrNcqQGsdot8ghrjyrvMCoEA=="
        },
        "loose-envify": {
            "version": "1.4.0",
            "resolved": "https://registry.npmjs.org/loose-envify/-/loose-envify-1.4.0.tgz",
            "integrity": "sha512-lyuxPGr/Wfhrlem2CL/UcnUc1zcqKAImBDzukY7Y5F/yQiNdko6+fRLevlw1HgMySw7f611UIY408EtxRSoK3Q==",
            "requires": {
                "js-tokens": "^3.0.0 || ^4.0.0"
            }
        },
        "minimal-polyfills": {
            "version": "2.1.5",
            "resolved": "https://registry.npmjs.org/minimal-polyfills/-/minimal-polyfills-2.1.5.tgz",
            "integrity": "sha512-VUpTs1DaSA/M90eZ2yhl9WBSsaY0RG5V+Qo+NDd/Z6c0p4JzfHg4Vh5U+9U/8iuGt7S/9m2+LMLBaiaFg5QM5w=="
        },
        "minimatch": {
            "version": "3.0.4",
            "resolved": "https://registry.npmjs.org/minimatch/-/minimatch-3.0.4.tgz",
            "integrity": "sha512-yJHVQEhyqPLUTgt9B83PXu6W3rx4MvvHvSUvToogpwoGDOUQ+yDrR0HRot+yOCdCO7u4hX3pWft6kWBBcqh0UA==",
            "dev": true,
            "requires": {
                "brace-expansion": "^1.1.7"
            }
        },
        "node-fetch": {
            "version": "2.6.1",
            "resolved": "https://registry.npmjs.org/node-fetch/-/node-fetch-2.6.1.tgz",
            "integrity": "sha512-V4aYg89jEoVRxRb2fJdAg8FHvI7cEyYdVAh94HH0UIK8oJxUfkjlDQN9RbMx+bEjP7+ggMiFRprSti032Oipxw==",
            "dev": true
        },
        "object-assign": {
            "version": "4.1.1",
            "resolved": "https://registry.npmjs.org/object-assign/-/object-assign-4.1.1.tgz",
            "integrity": "sha1-IQmtx5ZYh8/AXLvUQsrIv7s2CGM="
        },
        "once": {
            "version": "1.4.0",
            "resolved": "https://registry.npmjs.org/once/-/once-1.4.0.tgz",
            "integrity": "sha1-WDsap3WWHUsROsF9nFC6753Xa9E=",
            "dev": true,
            "requires": {
                "wrappy": "1"
            }
        },
        "path-depth": {
            "version": "1.0.0",
            "resolved": "https://registry.npmjs.org/path-depth/-/path-depth-1.0.0.tgz",
            "integrity": "sha512-dEiwdXAQyLvOi6ktLqhFhjVelJiVsdp2xBX3BaUtYCCkMRZTwUiq7cha+A0myvAVXRHbXfjhfTf4mNoAWzm2iA==",
            "dev": true
        },
        "path-is-absolute": {
            "version": "1.0.1",
            "resolved": "https://registry.npmjs.org/path-is-absolute/-/path-is-absolute-1.0.1.tgz",
            "integrity": "sha1-F0uSaHNVNP+8es5r9TpanhtcX18=",
            "dev": true
        },
        "prop-types": {
            "version": "15.7.2",
            "resolved": "https://registry.npmjs.org/prop-types/-/prop-types-15.7.2.tgz",
            "integrity": "sha512-8QQikdH7//R2vurIJSutZ1smHYTcLpRWEOlHnzcWHmBYrOGUysKwSsrC89BCiFj3CbrfJ/nXFdJepOVrY1GCHQ==",
            "requires": {
                "loose-envify": "^1.4.0",
                "object-assign": "^4.1.1",
                "react-is": "^16.8.1"
            }
        },
        "react": {
            "version": "16.13.1",
            "resolved": "https://registry.npmjs.org/react/-/react-16.13.1.tgz",
            "integrity": "sha512-YMZQQq32xHLX0bz5Mnibv1/LHb3Sqzngu7xstSM+vrkE5Kzr9xE0yMByK5kMoTK30YVJE61WfbxIFFvfeDKT1w==",
            "requires": {
                "loose-envify": "^1.1.0",
                "object-assign": "^4.1.1",
                "prop-types": "^15.6.2"
            }
        },
        "react-dom": {
            "version": "16.13.1",
            "resolved": "https://registry.npmjs.org/react-dom/-/react-dom-16.13.1.tgz",
            "integrity": "sha512-81PIMmVLnCNLO/fFOQxdQkvEq/+Hfpv24XNJfpyZhTRfO0QcmQIF/PgCa1zCOj2w1hrn12MFLyaJ/G0+Mxtfag==",
            "requires": {
                "loose-envify": "^1.1.0",
                "object-assign": "^4.1.1",
                "prop-types": "^15.6.2",
                "scheduler": "^0.19.1"
            }
        },
        "react-is": {
            "version": "16.13.1",
            "resolved": "https://registry.npmjs.org/react-is/-/react-is-16.13.1.tgz",
            "integrity": "sha512-24e6ynE2H+OKt4kqsOvNd8kBpV65zoxbA4BVsEOB3ARVWQki/DHzaUoC5KuON/BiccDaCCTZBuOcfZs70kR8bQ=="
        },
        "repeat-string": {
            "version": "1.6.1",
            "resolved": "https://registry.npmjs.org/repeat-string/-/repeat-string-1.6.1.tgz",
            "integrity": "sha1-jcrkcOHIirwtYA//Sndihtp15jc=",
            "dev": true
        },
        "run-exclusive": {
            "version": "2.2.14",
            "resolved": "https://registry.npmjs.org/run-exclusive/-/run-exclusive-2.2.14.tgz",
            "integrity": "sha512-NHaQfB3zPJFx7p4M06AcmoK8xz/h8YDMCdy3jxfyoC9VqIbl1U+DiVjUuAYZBRMwvj5qkQnOUGfsmyUC4k46dg==",
            "requires": {
                "minimal-polyfills": "^2.1.5"
            }
        },
        "scheduler": {
            "version": "0.19.1",
            "resolved": "https://registry.npmjs.org/scheduler/-/scheduler-0.19.1.tgz",
            "integrity": "sha512-n/zwRWRYSUj0/3g/otKDRPMh6qv2SYMWNq85IEa8iZyAv8od9zDYpGSnpBEjNgcMNq6Scbu5KfIPxNF72R/2EA==",
            "requires": {
                "loose-envify": "^1.1.0",
                "object-assign": "^4.1.1"
            }
        },
        "scripting-tools": {
            "version": "0.19.13",
            "resolved": "https://registry.npmjs.org/scripting-tools/-/scripting-tools-0.19.13.tgz",
            "integrity": "sha512-d09H8vzSVa8p4XUTJqHZDbjKDyl5TG3SyPfNPUUkfyOwjwykStmfK8AXyWq7VRWjcgzTpkTiJ9uMk1NytMQY7w==",
            "dev": true
        },
        "sha3": {
            "version": "2.1.3",
            "resolved": "https://registry.npmjs.org/sha3/-/sha3-2.1.3.tgz",
            "integrity": "sha512-Io53D4o9qOmf3Ow9p/DoGLQiQHhtuR0ulbyambvRSG+OX5yXExk2yYfvjHtb7AtOyk6K6+sPeK/qaowWc/E/GA==",
            "requires": {
                "buffer": "5.6.0"
            }
        },
        "sprintf-js": {
            "version": "1.0.3",
            "resolved": "https://registry.npmjs.org/sprintf-js/-/sprintf-js-1.0.3.tgz",
            "integrity": "sha1-BOaSb2YolTVPPdAVIDYzuFcpfiw="
        },
        "ts-md5": {
            "version": "1.2.7",
            "resolved": "https://registry.npmjs.org/ts-md5/-/ts-md5-1.2.7.tgz",
            "integrity": "sha512-emODogvKGWi1KO1l9c6YxLMBn6CEH3VrH5mVPIyOtxBG52BvV4jP3GWz6bOZCz61nLgBc3ffQYE4+EHfCD+V7w=="
        },
        "typescript": {
            "version": "3.9.7",
            "resolved": "https://registry.npmjs.org/typescript/-/typescript-3.9.7.tgz",
            "integrity": "sha512-BLbiRkiBzAwsjut4x/dsibSTB6yWpwT5qWmC2OfuCg3GgVQCSgMs4vEctYPhsaGtd0AeuuHMkjZ2h2WG8MSzRw==",
            "dev": true
        },
        "universal-user-agent": {
            "version": "6.0.0",
            "resolved": "https://registry.npmjs.org/universal-user-agent/-/universal-user-agent-6.0.0.tgz",
            "integrity": "sha512-isyNax3wXoKaulPDZWHQqbmIx1k2tb9fb3GGDBRxCscfYV2Ch7WxPArBsFEG8s/safwXTT7H4QGhaIkTp9447w==",
            "dev": true
        },
        "url-join": {
            "version": "4.0.1",
            "resolved": "https://registry.npmjs.org/url-join/-/url-join-4.0.1.tgz",
            "integrity": "sha512-jk1+QP6ZJqyOiuEI9AEWQfju/nB2Pw466kbA0LEZljHwKeMgd9WrAEgEGxjPDD2+TNbbb37rTyhEfrCXfuKXnA==",
            "dev": true
        },
        "wrappy": {
            "version": "1.0.2",
            "resolved": "https://registry.npmjs.org/wrappy/-/wrappy-1.0.2.tgz",
            "integrity": "sha1-tSQ9jz7BqjXxNkYFvA0QNuMKtp8=",
            "dev": true
        }
    }
}
